
Microsoft Visual Studio Solution File, Format Version 12.00
# Visual Studio Version 16
VisualStudioVersion = 16.0.31515.178
MinimumVisualStudioVersion = 10.0.40219.1
Project("{FAE04EC0-301F-11D3-BF4B-00C04F79EFBC}") = "WebServer", "WebServer\WebServer.csproj", "{16545F3F-8F4C-44BC-A884-8453E7A6F2F2}"
EndProject
Project("{FAE04EC0-301F-11D3-BF4B-00C04F79EFBC}") = "SimpleWebServer", "SimpleWebServer\SimpleWebServer.csproj", "{53E22711-5CB9-4745-A90F-DEED54D036C0}"
EndProject
Global
	GlobalSection(SolutionConfigurationPlatforms) = preSolution
		Debug|Any CPU = Debug|Any CPU
		Release|Any CPU = Release|Any CPU
	EndGlobalSection
	GlobalSection(ProjectConfigurationPlatforms) = postSolution
		{16545F3F-8F4C-44BC-A884-8453E7A6F2F2}.Debug|Any CPU.ActiveCfg = Debug|Any CPU
		{16545F3F-8F4C-44BC-A884-8453E7A6F2F2}.Debug|Any CPU.Build.0 = Debug|Any CPU
		{16545F3F-8F4C-44BC-A884-8453E7A6F2F2}.Release|Any CPU.ActiveCfg = Release|Any CPU
		{16545F3F-8F4C-44BC-A884-8453E7A6F2F2}.Release|Any CPU.Build.0 = Release|Any CPU
		{53E22711-5CB9-4745-A90F-DEED54D036C0}.Debug|Any CPU.ActiveCfg = Debug|Any CPU
		{53E22711-5CB9-4745-A90F-DEED54D036C0}.Debug|Any CPU.Build.0 = Debug|Any CPU
		{53E22711-5CB9-4745-A90F-DEED54D036C0}.Release|Any CPU.ActiveCfg = Release|Any CPU
		{53E22711-5CB9-4745-A90F-DEED54D036C0}.Release|Any CPU.Build.0 = Release|Any CPU
	EndGlobalSection
	GlobalSection(SolutionProperties) = preSolution
		HideSolutionNode = FALSE
	EndGlobalSection
	GlobalSection(ExtensibilityGlobals) = postSolution
		SolutionGuid = {597B3DD4-0B5C-4622-8BA4-7E12BE33672C}
	EndGlobalSection
EndGlobal
