
Microsoft Visual Studio Solution File, Format Version 12.00
# Visual Studio Version 16
VisualStudioVersion = 16.0.31410.357
MinimumVisualStudioVersion = 10.0.40219.1
Project("{9A19103F-16F7-4668-BE54-9A1E7A4F7556}") = "01. Lootbox", "01. Lootbox\01. Lootbox.csproj", "{AD7E4897-5B5E-405D-BF8F-CFE08738F5FB}"
EndProject
Project("{9A19103F-16F7-4668-BE54-9A1E7A4F7556}") = "02. Re-Volt", "02. Re-Volt\02. Re-Volt.csproj", "{4776DBBE-D6F7-4D22-B717-2802C29B8BEB}"
EndProject
Project("{FAE04EC0-301F-11D3-BF4B-00C04F79EFBC}") = "Re-Volt2", "Re-Volt2\Re-Volt2.csproj", "{F6AC8C8C-B188-4161-B97B-4AF6659B2FED}"
EndProject
Global
	GlobalSection(SolutionConfigurationPlatforms) = preSolution
		Debug|Any CPU = Debug|Any CPU
		Release|Any CPU = Release|Any CPU
	EndGlobalSection
	GlobalSection(ProjectConfigurationPlatforms) = postSolution
		{AD7E4897-5B5E-405D-BF8F-CFE08738F5FB}.Debug|Any CPU.ActiveCfg = Debug|Any CPU
		{AD7E4897-5B5E-405D-BF8F-CFE08738F5FB}.Debug|Any CPU.Build.0 = Debug|Any CPU
		{AD7E4897-5B5E-405D-BF8F-CFE08738F5FB}.Release|Any CPU.ActiveCfg = Release|Any CPU
		{AD7E4897-5B5E-405D-BF8F-CFE08738F5FB}.Release|Any CPU.Build.0 = Release|Any CPU
		{4776DBBE-D6F7-4D22-B717-2802C29B8BEB}.Debug|Any CPU.ActiveCfg = Debug|Any CPU
		{4776DBBE-D6F7-4D22-B717-2802C29B8BEB}.Debug|Any CPU.Build.0 = Debug|Any CPU
		{4776DBBE-D6F7-4D22-B717-2802C29B8BEB}.Release|Any CPU.ActiveCfg = Release|Any CPU
		{4776DBBE-D6F7-4D22-B717-2802C29B8BEB}.Release|Any CPU.Build.0 = Release|Any CPU
		{F6AC8C8C-B188-4161-B97B-4AF6659B2FED}.Debug|Any CPU.ActiveCfg = Debug|Any CPU
		{F6AC8C8C-B188-4161-B97B-4AF6659B2FED}.Debug|Any CPU.Build.0 = Debug|Any CPU
		{F6AC8C8C-B188-4161-B97B-4AF6659B2FED}.Release|Any CPU.ActiveCfg = Release|Any CPU
		{F6AC8C8C-B188-4161-B97B-4AF6659B2FED}.Release|Any CPU.Build.0 = Release|Any CPU
	EndGlobalSection
	GlobalSection(SolutionProperties) = preSolution
		HideSolutionNode = FALSE
	EndGlobalSection
	GlobalSection(ExtensibilityGlobals) = postSolution
		SolutionGuid = {8FAAB21B-20BE-455A-9B61-A780AD013BE5}
	EndGlobalSection
EndGlobal
