
Microsoft Visual Studio Solution File, Format Version 12.00
# Visual Studio Version 16
VisualStudioVersion = 16.0.31410.357
MinimumVisualStudioVersion = 10.0.40219.1
Project("{FAE04EC0-301F-11D3-BF4B-00C04F79EFBC}") = "01. Cooking", "01. Cooking\01. Cooking.csproj", "{A3F3AC6A-C1FC-4D98-AB96-13FC160CA368}"
EndProject
Project("{FAE04EC0-301F-11D3-BF4B-00C04F79EFBC}") = "02. Selling", "02. Selling\02. Selling.csproj", "{8931CB74-A8A3-4A30-9AE3-4E5FE096EBC9}"
EndProject
Global
	GlobalSection(SolutionConfigurationPlatforms) = preSolution
		Debug|Any CPU = Debug|Any CPU
		Release|Any CPU = Release|Any CPU
	EndGlobalSection
	GlobalSection(ProjectConfigurationPlatforms) = postSolution
		{A3F3AC6A-C1FC-4D98-AB96-13FC160CA368}.Debug|Any CPU.ActiveCfg = Debug|Any CPU
		{A3F3AC6A-C1FC-4D98-AB96-13FC160CA368}.Debug|Any CPU.Build.0 = Debug|Any CPU
		{A3F3AC6A-C1FC-4D98-AB96-13FC160CA368}.Release|Any CPU.ActiveCfg = Release|Any CPU
		{A3F3AC6A-C1FC-4D98-AB96-13FC160CA368}.Release|Any CPU.Build.0 = Release|Any CPU
		{8931CB74-A8A3-4A30-9AE3-4E5FE096EBC9}.Debug|Any CPU.ActiveCfg = Debug|Any CPU
		{8931CB74-A8A3-4A30-9AE3-4E5FE096EBC9}.Debug|Any CPU.Build.0 = Debug|Any CPU
		{8931CB74-A8A3-4A30-9AE3-4E5FE096EBC9}.Release|Any CPU.ActiveCfg = Release|Any CPU
		{8931CB74-A8A3-4A30-9AE3-4E5FE096EBC9}.Release|Any CPU.Build.0 = Release|Any CPU
	EndGlobalSection
	GlobalSection(SolutionProperties) = preSolution
		HideSolutionNode = FALSE
	EndGlobalSection
	GlobalSection(ExtensibilityGlobals) = postSolution
		SolutionGuid = {AAE55B84-F418-45EE-B22B-C06CE42D8E4F}
	EndGlobalSection
EndGlobal
